// !$*UTF8*$!
{
	archiveVersion = 1;
	classes = {
	};
	objectVersion = 46;
	objects = {

/* Begin PBXBuildFile section */
		D824E6911CDBE7DD00B2BCC2 /* AppDelegate.swift in Sources */ = {isa = PBXBuildFile; fileRef = D824E6901CDBE7DD00B2BCC2 /* AppDelegate.swift */; };
		D824E6931CDBE7DD00B2BCC2 /* ViewController.swift in Sources */ = {isa = PBXBuildFile; fileRef = D824E6921CDBE7DD00B2BCC2 /* ViewController.swift */; };
		D824E6961CDBE7DD00B2BCC2 /* Main.storyboard in Resources */ = {isa = PBXBuildFile; fileRef = D824E6941CDBE7DD00B2BCC2 /* Main.storyboard */; };
		D824E6981CDBE7DD00B2BCC2 /* Assets.xcassets in Resources */ = {isa = PBXBuildFile; fileRef = D824E6971CDBE7DD00B2BCC2 /* Assets.xcassets */; };
		D824E69B1CDBE7DD00B2BCC2 /* LaunchScreen.storyboard in Resources */ = {isa = PBXBuildFile; fileRef = D824E6991CDBE7DD00B2BCC2 /* LaunchScreen.storyboard */; };
/* End PBXBuildFile section */

/* Begin PBXFileReference section */
		D824E68D1CDBE7DD00B2BCC2 /* AUTOLAYOUT-constrains.app */ = {isa = PBXFileReference; explicitFileType = wrapper.application; includeInIndex = 0; path = "AUTOLAYOUT-constrains.app"; sourceTree = BUILT_PRODUCTS_DIR; };
		D824E6901CDBE7DD00B2BCC2 /* AppDelegate.swift */ = {isa = PBXFileReference; lastKnownFileType = sourcecode.swift; path = AppDelegate.swift; sourceTree = "<group>"; };
		D824E6921CDBE7DD00B2BCC2 /* ViewController.swift */ = {isa = PBXFileReference; lastKnownFileType = sourcecode.swift; path = ViewController.swift; sourceTree = "<group>"; };
		D824E6951CDBE7DD00B2BCC2 /* Base */ = {isa = PBXFileReference; lastKnownFileType = file.storyboard; name = Base; path = Base.lproj/Main.storyboard; sourceTree = "<group>"; };
		D824E6971CDBE7DD00B2BCC2 /* Assets.xcassets */ = {isa = PBXFileReference; lastKnownFileType = folder.assetcatalog; path = Assets.xcassets; sourceTree = "<group>"; };
		D824E69A1CDBE7DD00B2BCC2 /* Base */ = {isa = PBXFileReference; lastKnownFileType = file.storyboard; name = Base; path = Base.lproj/LaunchScreen.storyboard; sourceTree = "<group>"; };
		D824E69C1CDBE7DD00B2BCC2 /* Info.plist */ = {isa = PBXFileReference; lastKnownFileType = text.plist.xml; path = Info.plist; sourceTree = "<group>"; };
/* End PBXFileReference section */

/* Begin PBXFrameworksBuildPhase section */
		D824E68A1CDBE7DD00B2BCC2 /* Frameworks */ = {
			isa = PBXFrameworksBuildPhase;
			buildActionMask = 2147483647;
			files = (
			);
			runOnlyForDeploymentPostprocessing = 0;
		};
/* End PBXFrameworksBuildPhase section */

/* Begin PBXGroup section */
		D824E6841CDBE7DD00B2BCC2 = {
			isa = PBXGroup;
			children = (
				D824E68F1CDBE7DD00B2BCC2 /* AUTOLAYOUT-constrains */,
				D824E68E1CDBE7DD00B2BCC2 /* Products */,
			);
			sourceTree = "<group>";
		};
		D824E68E1CDBE7DD00B2BCC2 /* Products */ = {
			isa = PBXGroup;
			children = (
				D824E68D1CDBE7DD00B2BCC2 /* AUTOLAYOUT-constrains.app */,
			);
			name = Products;
			sourceTree = "<group>";
		};
		D824E68F1CDBE7DD00B2BCC2 /* AUTOLAYOUT-constrains */ = {
			isa = PBXGroup;
			children = (
				D824E6901CDBE7DD00B2BCC2 /* AppDelegate.swift */,
				D824E6921CDBE7DD00B2BCC2 /* ViewController.swift */,
				D824E6941CDBE7DD00B2BCC2 /* Main.storyboard */,
				D824E6971CDBE7DD00B2BCC2 /* Assets.xcassets */,
				D824E6991CDBE7DD00B2BCC2 /* LaunchScreen.storyboard */,
				D824E69C1CDBE7DD00B2BCC2 /* Info.plist */,
			);
			path = "AUTOLAYOUT-constrains";
			sourceTree = "<group>";
		};
/* End PBXGroup section */

/* Begin PBXNativeTarget section */
		D824E68C1CDBE7DD00B2BCC2 /* AUTOLAYOUT-constrains */ = {
			isa = PBXNativeTarget;
			buildConfigurationList = D824E69F1CDBE7DD00B2BCC2 /* Build configuration list for PBXNativeTarget "AUTOLAYOUT-constrains" */;
			buildPhases = (
				D824E6891CDBE7DD00B2BCC2 /* Sources */,
				D824E68A1CDBE7DD00B2BCC2 /* Frameworks */,
				D824E68B1CDBE7DD00B2BCC2 /* Resources */,
			);
			buildRules = (
			);
			dependencies = (
			);
			name = "AUTOLAYOUT-constrains";
			productName = "AUTOLAYOUT-constrains";
			productReference = D824E68D1CDBE7DD00B2BCC2 /* AUTOLAYOUT-constrains.app */;
			productType = "com.apple.product-type.application";
		};
/* End PBXNativeTarget section */

/* Begin PBXProject section */
		D824E6851CDBE7DD00B2BCC2 /* Project object */ = {
			isa = PBXProject;
			attributes = {
				LastSwiftUpdateCheck = 0720;
				LastUpgradeCheck = 0720;
				ORGANIZATIONNAME = Seiken;
				TargetAttributes = {
					D824E68C1CDBE7DD00B2BCC2 = {
						CreatedOnToolsVersion = 7.2.1;
					};
				};
			};
			buildConfigurationList = D824E6881CDBE7DD00B2BCC2 /* Build configuration list for PBXProject "AUTOLAYOUT-constrains" */;
			compatibilityVersion = "Xcode 3.2";
			developmentRegion = English;
			hasScannedForEncodings = 0;
			knownRegions = (
				en,
				Base,
			);
			mainGroup = D824E6841CDBE7DD00B2BCC2;
			productRefGroup = D824E68E1CDBE7DD00B2BCC2 /* Products */;
			projectDirPath = "";
			projectRoot = "";
			targets = (
				D824E68C1CDBE7DD00B2BCC2 /* AUTOLAYOUT-constrains */,
			);
		};
/* End PBXProject section */

/* Begin PBXResourcesBuildPhase section */
		D824E68B1CDBE7DD00B2BCC2 /* Resources */ = {
			isa = PBXResourcesBuildPhase;
			buildActionMask = 2147483647;
			files = (
				D824E69B1CDBE7DD00B2BCC2 /* LaunchScreen.storyboard in Resources */,
				D824E6981CDBE7DD00B2BCC2 /* Assets.xcassets in Resources */,
				D824E6961CDBE7DD00B2BCC2 /* Main.storyboard in Resources */,
			);
			runOnlyForDeploymentPostprocessing = 0;
		};
/* End PBXResourcesBuildPhase section */

/* Begin PBXSourcesBuildPhase section */
		D824E6891CDBE7DD00B2BCC2 /* Sources */ = {
			isa = PBXSourcesBuildPhase;
			buildActionMask = 2147483647;
			files = (
				D824E6931CDBE7DD00B2BCC2 /* ViewController.swift in Sources */,
				D824E6911CDBE7DD00B2BCC2 /* AppDelegate.swift in Sources */,
			);
			runOnlyForDeploymentPostprocessing = 0;
		};
/* End PBXSourcesBuildPhase section */

/* Begin PBXVariantGroup section */
		D824E6941CDBE7DD00B2BCC2 /* Main.storyboard */ = {
			isa = PBXVariantGroup;
			children = (
				D824E6951CDBE7DD00B2BCC2 /* Base */,
			);
			name = Main.storyboard;
			sourceTree = "<group>";
		};
		D824E6991CDBE7DD00B2BCC2 /* LaunchScreen.storyboard */ = {
			isa = PBXVariantGroup;
			children = (
				D824E69A1CDBE7DD00B2BCC2 /* Base */,
			);
			name = LaunchScreen.storyboard;
			sourceTree = "<group>";
		};
/* End PBXVariantGroup section */

/* Begin XCBuildConfiguration section */
		D824E69D1CDBE7DD00B2BCC2 /* Debug */ = {
			isa = XCBuildConfiguration;
			buildSettings = {
				ALWAYS_SEARCH_USER_PATHS = NO;
				CLANG_CXX_LANGUAGE_STANDARD = "gnu++0x";
				CLANG_CXX_LIBRARY = "libc++";
				CLANG_ENABLE_MODULES = YES;
				CLANG_ENABLE_OBJC_ARC = YES;
				CLANG_WARN_BOOL_CONVERSION = YES;
				CLANG_WARN_CONSTANT_CONVERSION = YES;
				CLANG_WARN_DIRECT_OBJC_ISA_USAGE = YES_ERROR;
				CLANG_WARN_EMPTY_BODY = YES;
				CLANG_WARN_ENUM_CONVERSION = YES;
				CLANG_WARN_INT_CONVERSION = YES;
				CLANG_WARN_OBJC_ROOT_CLASS = YES_ERROR;
				CLANG_WARN_UNREACHABLE_CODE = YES;
				CLANG_WARN__DUPLICATE_METHOD_MATCH = YES;
				"CODE_SIGN_IDENTITY[sdk=iphoneos*]" = "iPhone Developer";
				COPY_PHASE_STRIP = NO;
				DEBUG_INFORMATION_FORMAT = dwarf;
				ENABLE_STRICT_OBJC_MSGSEND = YES;
				ENABLE_TESTABILITY = YES;
				GCC_C_LANGUAGE_STANDARD = gnu99;
				GCC_DYNAMIC_NO_PIC = NO;
				GCC_NO_COMMON_BLOCKS = YES;
				GCC_OPTIMIZATION_LEVEL = 0;
				GCC_PREPROCESSOR_DEFINITIONS = (
					"DEBUG=1",
					"$(inherited)",
				);
				GCC_WARN_64_TO_32_BIT_CONVERSION = YES;
				GCC_WARN_ABOUT_RETURN_TYPE = YES_ERROR;
				GCC_WARN_UNDECLARED_SELECTOR = YES;
				GCC_WARN_UNINITIALIZED_AUTOS = YES_AGGRESSIVE;
				GCC_WARN_UNUSED_FUNCTION = YES;
				GCC_WARN_UNUSED_VARIABLE = YES;
				IPHONEOS_DEPLOYMENT_TARGET = 9.2;
				MTL_ENABLE_DEBUG_INFO = YES;
				ONLY_ACTIVE_ARCH = YES;
				SDKROOT = iphoneos;
				SWIFT_OPTIMIZATION_LEVEL = "-Onone";
			};
			name = Debug;
		};
		D824E69E1CDBE7DD00B2BCC2 /* Release */ = {
			isa = XCBuildConfiguration;
			buildSettings = {
				ALWAYS_SEARCH_USER_PATHS = NO;
				CLANG_CXX_LANGUAGE_STANDARD = "gnu++0x";
				CLANG_CXX_LIBRARY = "libc++";
				CLANG_ENABLE_MODULES = YES;
				CLANG_ENABLE_OBJC_ARC = YES;
				CLANG_WARN_BOOL_CONVERSION = YES;
				CLANG_WARN_CONSTANT_CONVERSION = YES;
				CLANG_WARN_DIRECT_OBJC_ISA_USAGE = YES_ERROR;
				CLANG_WARN_EMPTY_BODY = YES;
				CLANG_WARN_ENUM_CONVERSION = YES;
				CLANG_WARN_INT_CONVERSION = YES;
				CLANG_WARN_OBJC_ROOT_CLASS = YES_ERROR;
				CLANG_WARN_UNREACHABLE_CODE = YES;
				CLANG_WARN__DUPLICATE_METHOD_MATCH = YES;
				"CODE_SIGN_IDENTITY[sdk=iphoneos*]" = "iPhone Developer";
				COPY_PHASE_STRIP = NO;
				DEBUG_INFORMATION_FORMAT = "dwarf-with-dsym";
				ENABLE_NS_ASSERTIONS = NO;
				ENABLE_STRICT_OBJC_MSGSEND = YES;
				GCC_C_LANGUAGE_STANDARD = gnu99;
				GCC_NO_COMMON_BLOCKS = YES;
				GCC_WARN_64_TO_32_BIT_CONVERSION = YES;
				GCC_WARN_ABOUT_RETURN_TYPE = YES_ERROR;
				GCC_WARN_UNDECLARED_SELECTOR = YES;
				GCC_WARN_UNINITIALIZED_AUTOS = YES_AGGRESSIVE;
				GCC_WARN_UNUSED_FUNCTION = YES;
				GCC_WARN_UNUSED_VARIABLE = YES;
				IPHONEOS_DEPLOYMENT_TARGET = 9.2;
				MTL_ENABLE_DEBUG_INFO = NO;
				SDKROOT = iphoneos;
				VALIDATE_PRODUCT = YES;
			};
			name = Release;
		};
		D824E6A01CDBE7DD00B2BCC2 /* Debug */ = {
			isa = XCBuildConfiguration;
			buildSettings = {
				ASSETCATALOG_COMPILER_APPICON_NAME = AppIcon;
				INFOPLIST_FILE = "AUTOLAYOUT-constrains/Info.plist";
				LD_RUNPATH_SEARCH_PATHS = "$(inherited) @executable_path/Frameworks";
				PRODUCT_BUNDLE_IDENTIFIER = "ca.seiken.AUTOLAYOUT-constrains";
				PRODUCT_NAME = "$(TARGET_NAME)";
			};
			name = Debug;
		};
		D824E6A11CDBE7DD00B2BCC2 /* Release */ = {
			isa = XCBuildConfiguration;
			buildSettings = {
				ASSETCATALOG_COMPILER_APPICON_NAME = AppIcon;
				INFOPLIST_FILE = "AUTOLAYOUT-constrains/Info.plist";
				LD_RUNPATH_SEARCH_PATHS = "$(inherited) @executable_path/Frameworks";
				PRODUCT_BUNDLE_IDENTIFIER = "ca.seiken.AUTOLAYOUT-constrains";
				PRODUCT_NAME = "$(TARGET_NAME)";
			};
			name = Release;
		};
/* End XCBuildConfiguration section */

/* Begin XCConfigurationList section */
		D824E6881CDBE7DD00B2BCC2 /* Build configuration list for PBXProject "AUTOLAYOUT-constrains" */ = {
			isa = XCConfigurationList;
			buildConfigurations = (
				D824E69D1CDBE7DD00B2BCC2 /* Debug */,
				D824E69E1CDBE7DD00B2BCC2 /* Release */,
			);
			defaultConfigurationIsVisible = 0;
			defaultConfigurationName = Release;
		};
		D824E69F1CDBE7DD00B2BCC2 /* Build configuration list for PBXNativeTarget "AUTOLAYOUT-constrains" */ = {
			isa = XCConfigurationList;
			buildConfigurations = (
				D824E6A01CDBE7DD00B2BCC2 /* Debug */,
				D824E6A11CDBE7DD00B2BCC2 /* Release */,
			);
			defaultConfigurationIsVisible = 0;
		};
/* End XCConfigurationList section */
	};
	rootObject = D824E6851CDBE7DD00B2BCC2 /* Project object */;
}
